# This file is automatically @generated by Cargo.
# It is not intended for manual editing.
version = 4

[[package]]
name = "opencomp-agent"
version = "0.1.0"

[[package]]
name = "opencomp-browser"
version = "0.1.0"

[[package]]
name = "opencomp-cli"
version = "0.1.0"

[[package]]
name = "opencomp-computer"
version = "0.1.0"

[[package]]
name = "opencomp-core"
version = "0.1.0"

[[package]]
name = "opencomp-llm"
version = "0.1.0"

[[package]]
name = "opencomp-vision"
version = "0.1.0"
